// !$*UTF8*$!
{
	archiveVersion = 1;
	classes = {
	};
	objectVersion = 46;
	objects = {

/* Begin PBXBuildFile section */
		9C63CBE67C5C0D40F5EB107C /* Pods_wiserIos.framework in Frameworks */ = {isa = PBXBuildFile; fileRef = D3A4BD83DDD950677E106A8A /* Pods_wiserIos.framework */; settings = {ATTRIBUTES = (Weak, ); }; };
		CB0218201B9462C400DFC9DD /* ChatMessage.swift in Sources */ = {isa = PBXBuildFile; fileRef = CB02181F1B9462C400DFC9DD /* ChatMessage.swift */; settings = {ASSET_TAGS = (); }; };
		CB0D53C61BA85996007E4CD2 /* DateTimeHelper.swift in Sources */ = {isa = PBXBuildFile; fileRef = CB0D53C51BA85996007E4CD2 /* DateTimeHelper.swift */; settings = {ASSET_TAGS = (); }; };
		CB1FBA001B983C3A00B1FCF8 /* BooleanInputCell.swift in Sources */ = {isa = PBXBuildFile; fileRef = CB1FB9FF1B983C3A00B1FCF8 /* BooleanInputCell.swift */; settings = {ASSET_TAGS = (); }; };
		CB2EF9C31B8DE7260098871B /* Room.swift in Sources */ = {isa = PBXBuildFile; fileRef = CB2EF9C21B8DE7260098871B /* Room.swift */; };
		CB2FC2DE1B8F93BC00CD8B28 /* JSONSerializerTests.swift in Sources */ = {isa = PBXBuildFile; fileRef = CB2FC2DD1B8F93BC00CD8B28 /* JSONSerializerTests.swift */; };
		CB39A97B1B986B7F0014F818 /* StringExtractor.swift in Sources */ = {isa = PBXBuildFile; fileRef = CB39A97A1B986B7F0014F818 /* StringExtractor.swift */; settings = {ASSET_TAGS = (); }; };
		CB3C37721B8DBF5000897344 /* AppDelegate.swift in Sources */ = {isa = PBXBuildFile; fileRef = CB3C37711B8DBF5000897344 /* AppDelegate.swift */; };
		CB3C37741B8DBF5000897344 /* ChooseRoleViewController.swift in Sources */ = {isa = PBXBuildFile; fileRef = CB3C37731B8DBF5000897344 /* ChooseRoleViewController.swift */; };
		CB3C37791B8DBF5000897344 /* Assets.xcassets in Resources */ = {isa = PBXBuildFile; fileRef = CB3C37781B8DBF5000897344 /* Assets.xcassets */; };
		CB3C377C1B8DBF5000897344 /* LaunchScreen.storyboard in Resources */ = {isa = PBXBuildFile; fileRef = CB3C377A1B8DBF5000897344 /* LaunchScreen.storyboard */; };
		CB3C37871B8DBF5000897344 /* wiserIosTests.swift in Sources */ = {isa = PBXBuildFile; fileRef = CB3C37861B8DBF5000897344 /* wiserIosTests.swift */; };
		CB3C37921B8DE1F000897344 /* RoomTableViewController.swift in Sources */ = {isa = PBXBuildFile; fileRef = CB3C37911B8DE1F000897344 /* RoomTableViewController.swift */; };
		CB50FD8E1B9708E40003C078 /* TextInputCell.swift in Sources */ = {isa = PBXBuildFile; fileRef = CB50FD8D1B9708E40003C078 /* TextInputCell.swift */; settings = {ASSET_TAGS = (); }; };
		CB6BC6241BA1AE92001C303B /* Main.storyboard in Resources */ = {isa = PBXBuildFile; fileRef = CB3C37751B8DBF5000897344 /* Main.storyboard */; settings = {ASSET_TAGS = (); }; };
		CB6BC6261BA1B2ED001C303B /* ChatViewController.swift in Sources */ = {isa = PBXBuildFile; fileRef = CB6BC6251BA1B2ED001C303B /* ChatViewController.swift */; settings = {ASSET_TAGS = (); }; };
		CB6BC6281BA1C05A001C303B /* QuestionListViewController.swift in Sources */ = {isa = PBXBuildFile; fileRef = CB6BC6271BA1C05A001C303B /* QuestionListViewController.swift */; settings = {ASSET_TAGS = (); }; };
		CB84802B1B9EDB5400D1C230 /* CurrentUser.swift in Sources */ = {isa = PBXBuildFile; fileRef = CB84802A1B9EDB5400D1C230 /* CurrentUser.swift */; settings = {ASSET_TAGS = (); }; };
		CB84802D1B9EE0DC00D1C230 /* FacebookHelper.swift in Sources */ = {isa = PBXBuildFile; fileRef = CB84802C1B9EE0DC00D1C230 /* FacebookHelper.swift */; settings = {ASSET_TAGS = (); }; };
		CB97B03B1BAAEE1B00AB77EE /* MapKit.framework in Frameworks */ = {isa = PBXBuildFile; fileRef = CB97B03A1BAAEE1B00AB77EE /* MapKit.framework */; };
		CB9FF7C61B8F1401003A193B /* HTTPHandler.swift in Sources */ = {isa = PBXBuildFile; fileRef = CB9FF7C51B8F1401003A193B /* HTTPHandler.swift */; };
		CB9FF7CA1B8F27EC003A193B /* Coordinate.swift in Sources */ = {isa = PBXBuildFile; fileRef = CB9FF7C91B8F27EC003A193B /* Coordinate.swift */; };
		CB9FF7CC1B8F28B4003A193B /* Answer.swift in Sources */ = {isa = PBXBuildFile; fileRef = CB9FF7CB1B8F28B4003A193B /* Answer.swift */; };
		CB9FF7CE1B8F2916003A193B /* Question.swift in Sources */ = {isa = PBXBuildFile; fileRef = CB9FF7CD1B8F2916003A193B /* Question.swift */; };
		CB9FF7D01B8F2A78003A193B /* ResponseOption.swift in Sources */ = {isa = PBXBuildFile; fileRef = CB9FF7CF1B8F2A78003A193B /* ResponseOption.swift */; };
		CB9FF7D21B8F2B70003A193B /* User.swift in Sources */ = {isa = PBXBuildFile; fileRef = CB9FF7D11B8F2B70003A193B /* User.swift */; };
		CB9FF80F1B8F4408003A193B /* JSONSerializer.swift in Sources */ = {isa = PBXBuildFile; fileRef = CB9FF80E1B8F4408003A193B /* JSONSerializer.swift */; };
		CBA4372C1B8DEA8E00EF3E01 /* CoreLocation.framework in Frameworks */ = {isa = PBXBuildFile; fileRef = CBA4372B1B8DEA8E00EF3E01 /* CoreLocation.framework */; };
		CBB4D7D71BA189EC001C531D /* LogonViewController.swift in Sources */ = {isa = PBXBuildFile; fileRef = CBB4D7D61BA189EC001C531D /* LogonViewController.swift */; settings = {ASSET_TAGS = (); }; };
		CBB4D7D91BA1A567001C531D /* RoomPageViewController.swift in Sources */ = {isa = PBXBuildFile; fileRef = CBB4D7D81BA1A567001C531D /* RoomPageViewController.swift */; settings = {ASSET_TAGS = (); }; };
		CBB4D7DB1BA1A664001C531D /* QuestionViewController.swift in Sources */ = {isa = PBXBuildFile; fileRef = CBB4D7DA1BA1A664001C531D /* QuestionViewController.swift */; settings = {ASSET_TAGS = (); }; };
		CBB4D7DD1BA1A887001C531D /* Paged.swift in Sources */ = {isa = PBXBuildFile; fileRef = CBB4D7DC1BA1A887001C531D /* Paged.swift */; settings = {ASSET_TAGS = (); }; };
		CBB60B2F1B9718EC0007A47B /* CreateRoomViewController.swift in Sources */ = {isa = PBXBuildFile; fileRef = CBB60B2E1B9718EC0007A47B /* CreateRoomViewController.swift */; settings = {ASSET_TAGS = (); }; };
		CBB60B311B97253A0007A47B /* SegmentedInputCell.swift in Sources */ = {isa = PBXBuildFile; fileRef = CBB60B301B97253A0007A47B /* SegmentedInputCell.swift */; settings = {ASSET_TAGS = (); }; };
/* End PBXBuildFile section */

/* Begin PBXContainerItemProxy section */
		CB3C37831B8DBF5000897344 /* PBXContainerItemProxy */ = {
			isa = PBXContainerItemProxy;
			containerPortal = CB3C37661B8DBF5000897344 /* Project object */;
			proxyType = 1;
			remoteGlobalIDString = CB3C376D1B8DBF5000897344;
			remoteInfo = wiserIos;
		};
/* End PBXContainerItemProxy section */

/* Begin PBXFileReference section */
		CB02181F1B9462C400DFC9DD /* ChatMessage.swift */ = {isa = PBXFileReference; fileEncoding = 4; lastKnownFileType = sourcecode.swift; path = ChatMessage.swift; sourceTree = "<group>"; };
		CB0D53C51BA85996007E4CD2 /* DateTimeHelper.swift */ = {isa = PBXFileReference; fileEncoding = 4; lastKnownFileType = sourcecode.swift; path = DateTimeHelper.swift; sourceTree = "<group>"; };
		CB1FB9FF1B983C3A00B1FCF8 /* BooleanInputCell.swift */ = {isa = PBXFileReference; fileEncoding = 4; lastKnownFileType = sourcecode.swift; path = BooleanInputCell.swift; sourceTree = "<group>"; };
		CB2EF9C21B8DE7260098871B /* Room.swift */ = {isa = PBXFileReference; fileEncoding = 4; lastKnownFileType = sourcecode.swift; path = Room.swift; sourceTree = "<group>"; };
		CB2FC2DD1B8F93BC00CD8B28 /* JSONSerializerTests.swift */ = {isa = PBXFileReference; fileEncoding = 4; lastKnownFileType = sourcecode.swift; path = JSONSerializerTests.swift; sourceTree = "<group>"; };
		CB39A97A1B986B7F0014F818 /* StringExtractor.swift */ = {isa = PBXFileReference; fileEncoding = 4; lastKnownFileType = sourcecode.swift; path = StringExtractor.swift; sourceTree = "<group>"; };
		CB3C376E1B8DBF5000897344 /* wiserIos.app */ = {isa = PBXFileReference; explicitFileType = wrapper.application; includeInIndex = 0; path = wiserIos.app; sourceTree = BUILT_PRODUCTS_DIR; };
		CB3C37711B8DBF5000897344 /* AppDelegate.swift */ = {isa = PBXFileReference; lastKnownFileType = sourcecode.swift; path = AppDelegate.swift; sourceTree = "<group>"; };
		CB3C37731B8DBF5000897344 /* ChooseRoleViewController.swift */ = {isa = PBXFileReference; lastKnownFileType = sourcecode.swift; path = ChooseRoleViewController.swift; sourceTree = "<group>"; };
		CB3C37761B8DBF5000897344 /* Base */ = {isa = PBXFileReference; lastKnownFileType = file.storyboard; name = Base; path = Base.lproj/Main.storyboard; sourceTree = "<group>"; };
		CB3C37781B8DBF5000897344 /* Assets.xcassets */ = {isa = PBXFileReference; lastKnownFileType = folder.assetcatalog; path = Assets.xcassets; sourceTree = "<group>"; };
		CB3C377B1B8DBF5000897344 /* Base */ = {isa = PBXFileReference; lastKnownFileType = file.storyboard; name = Base; path = Base.lproj/LaunchScreen.storyboard; sourceTree = "<group>"; };
		CB3C377D1B8DBF5000897344 /* Info.plist */ = {isa = PBXFileReference; lastKnownFileType = text.plist.xml; path = Info.plist; sourceTree = "<group>"; };
		CB3C37821B8DBF5000897344 /* wiserIosTests.xctest */ = {isa = PBXFileReference; explicitFileType = wrapper.cfbundle; includeInIndex = 0; path = wiserIosTests.xctest; sourceTree = BUILT_PRODUCTS_DIR; };
		CB3C37861B8DBF5000897344 /* wiserIosTests.swift */ = {isa = PBXFileReference; lastKnownFileType = sourcecode.swift; path = wiserIosTests.swift; sourceTree = "<group>"; };
		CB3C37881B8DBF5000897344 /* Info.plist */ = {isa = PBXFileReference; lastKnownFileType = text.plist.xml; path = Info.plist; sourceTree = "<group>"; };
		CB3C37911B8DE1F000897344 /* RoomTableViewController.swift */ = {isa = PBXFileReference; fileEncoding = 4; lastKnownFileType = sourcecode.swift; path = RoomTableViewController.swift; sourceTree = "<group>"; };
		CB50FD8D1B9708E40003C078 /* TextInputCell.swift */ = {isa = PBXFileReference; fileEncoding = 4; lastKnownFileType = sourcecode.swift; path = TextInputCell.swift; sourceTree = "<group>"; };
		CB6BC6251BA1B2ED001C303B /* ChatViewController.swift */ = {isa = PBXFileReference; fileEncoding = 4; lastKnownFileType = sourcecode.swift; path = ChatViewController.swift; sourceTree = "<group>"; };
		CB6BC6271BA1C05A001C303B /* QuestionListViewController.swift */ = {isa = PBXFileReference; fileEncoding = 4; lastKnownFileType = sourcecode.swift; path = QuestionListViewController.swift; sourceTree = "<group>"; };
		CB84802A1B9EDB5400D1C230 /* CurrentUser.swift */ = {isa = PBXFileReference; fileEncoding = 4; lastKnownFileType = sourcecode.swift; path = CurrentUser.swift; sourceTree = "<group>"; };
		CB84802C1B9EE0DC00D1C230 /* FacebookHelper.swift */ = {isa = PBXFileReference; fileEncoding = 4; lastKnownFileType = sourcecode.swift; path = FacebookHelper.swift; sourceTree = "<group>"; };
		CB97B03A1BAAEE1B00AB77EE /* MapKit.framework */ = {isa = PBXFileReference; lastKnownFileType = wrapper.framework; name = MapKit.framework; path = System/Library/Frameworks/MapKit.framework; sourceTree = SDKROOT; };
		CB9FF7C51B8F1401003A193B /* HTTPHandler.swift */ = {isa = PBXFileReference; fileEncoding = 4; lastKnownFileType = sourcecode.swift; path = HTTPHandler.swift; sourceTree = "<group>"; };
		CB9FF7C91B8F27EC003A193B /* Coordinate.swift */ = {isa = PBXFileReference; fileEncoding = 4; lastKnownFileType = sourcecode.swift; path = Coordinate.swift; sourceTree = "<group>"; };
		CB9FF7CB1B8F28B4003A193B /* Answer.swift */ = {isa = PBXFileReference; fileEncoding = 4; lastKnownFileType = sourcecode.swift; path = Answer.swift; sourceTree = "<group>"; };
		CB9FF7CD1B8F2916003A193B /* Question.swift */ = {isa = PBXFileReference; fileEncoding = 4; lastKnownFileType = sourcecode.swift; path = Question.swift; sourceTree = "<group>"; };
		CB9FF7CF1B8F2A78003A193B /* ResponseOption.swift */ = {isa = PBXFileReference; fileEncoding = 4; lastKnownFileType = sourcecode.swift; path = ResponseOption.swift; sourceTree = "<group>"; };
		CB9FF7D11B8F2B70003A193B /* User.swift */ = {isa = PBXFileReference; fileEncoding = 4; lastKnownFileType = sourcecode.swift; path = User.swift; sourceTree = "<group>"; };
		CB9FF80E1B8F4408003A193B /* JSONSerializer.swift */ = {isa = PBXFileReference; fileEncoding = 4; lastKnownFileType = sourcecode.swift; path = JSONSerializer.swift; sourceTree = "<group>"; };
		CBA4372B1B8DEA8E00EF3E01 /* CoreLocation.framework */ = {isa = PBXFileReference; lastKnownFileType = wrapper.framework; name = CoreLocation.framework; path = System/Library/Frameworks/CoreLocation.framework; sourceTree = SDKROOT; };
		CBB4D7D61BA189EC001C531D /* LogonViewController.swift */ = {isa = PBXFileReference; fileEncoding = 4; lastKnownFileType = sourcecode.swift; path = LogonViewController.swift; sourceTree = "<group>"; };
		CBB4D7D81BA1A567001C531D /* RoomPageViewController.swift */ = {isa = PBXFileReference; fileEncoding = 4; lastKnownFileType = sourcecode.swift; path = RoomPageViewController.swift; sourceTree = "<group>"; };
		CBB4D7DA1BA1A664001C531D /* QuestionViewController.swift */ = {isa = PBXFileReference; fileEncoding = 4; lastKnownFileType = sourcecode.swift; path = QuestionViewController.swift; sourceTree = "<group>"; };
		CBB4D7DC1BA1A887001C531D /* Paged.swift */ = {isa = PBXFileReference; fileEncoding = 4; lastKnownFileType = sourcecode.swift; path = Paged.swift; sourceTree = "<group>"; };
		CBB60B2E1B9718EC0007A47B /* CreateRoomViewController.swift */ = {isa = PBXFileReference; fileEncoding = 4; lastKnownFileType = sourcecode.swift; name = CreateRoomViewController.swift; path = Assets.xcassets/CreateRoomViewController.swift; sourceTree = "<group>"; };
		CBB60B301B97253A0007A47B /* SegmentedInputCell.swift */ = {isa = PBXFileReference; fileEncoding = 4; lastKnownFileType = sourcecode.swift; path = SegmentedInputCell.swift; sourceTree = "<group>"; };
		CBC15B3C1BAAD9BA00293A3E /* wiserIos-Bridging-Header.h */ = {isa = PBXFileReference; lastKnownFileType = sourcecode.c.h; path = "wiserIos-Bridging-Header.h"; sourceTree = "<group>"; };
		D3A4BD83DDD950677E106A8A /* Pods_wiserIos.framework */ = {isa = PBXFileReference; explicitFileType = wrapper.framework; includeInIndex = 0; path = Pods_wiserIos.framework; sourceTree = BUILT_PRODUCTS_DIR; };
		E1D3CFFDDE44FA9686C08AE3 /* Pods-wiserIos.release.xcconfig */ = {isa = PBXFileReference; includeInIndex = 1; lastKnownFileType = text.xcconfig; name = "Pods-wiserIos.release.xcconfig"; path = "Pods/Target Support Files/Pods-wiserIos/Pods-wiserIos.release.xcconfig"; sourceTree = "<group>"; };
		F159621980A89FE9BF220862 /* Pods-wiserIos.debug.xcconfig */ = {isa = PBXFileReference; includeInIndex = 1; lastKnownFileType = text.xcconfig; name = "Pods-wiserIos.debug.xcconfig"; path = "Pods/Target Support Files/Pods-wiserIos/Pods-wiserIos.debug.xcconfig"; sourceTree = "<group>"; };
/* End PBXFileReference section */

/* Begin PBXFrameworksBuildPhase section */
		CB3C376B1B8DBF5000897344 /* Frameworks */ = {
			isa = PBXFrameworksBuildPhase;
			buildActionMask = 2147483647;
			files = (
				CBA4372C1B8DEA8E00EF3E01 /* CoreLocation.framework in Frameworks */,
				CB97B03B1BAAEE1B00AB77EE /* MapKit.framework in Frameworks */,
				9C63CBE67C5C0D40F5EB107C /* Pods_wiserIos.framework in Frameworks */,
			);
			runOnlyForDeploymentPostprocessing = 0;
		};
		CB3C377F1B8DBF5000897344 /* Frameworks */ = {
			isa = PBXFrameworksBuildPhase;
			buildActionMask = 2147483647;
			files = (
			);
			runOnlyForDeploymentPostprocessing = 0;
		};
/* End PBXFrameworksBuildPhase section */

/* Begin PBXGroup section */
		5ED0E8D3A0E854B9C0FB669E /* Pods */ = {
			isa = PBXGroup;
			children = (
				F159621980A89FE9BF220862 /* Pods-wiserIos.debug.xcconfig */,
				E1D3CFFDDE44FA9686C08AE3 /* Pods-wiserIos.release.xcconfig */,
			);
			name = Pods;
			sourceTree = "<group>";
		};
		CB0218221B947B9E00DFC9DD /* ViewControllers */ = {
			isa = PBXGroup;
			children = (
				CB3C37731B8DBF5000897344 /* ChooseRoleViewController.swift */,
				CB3C37911B8DE1F000897344 /* RoomTableViewController.swift */,
				CBB60B2E1B9718EC0007A47B /* CreateRoomViewController.swift */,
				CBB4D7D61BA189EC001C531D /* LogonViewController.swift */,
				CBB4D7D81BA1A567001C531D /* RoomPageViewController.swift */,
				CBB4D7DA1BA1A664001C531D /* QuestionViewController.swift */,
				CB6BC6251BA1B2ED001C303B /* ChatViewController.swift */,
				CB6BC6271BA1C05A001C303B /* QuestionListViewController.swift */,
			);
			name = ViewControllers;
			sourceTree = "<group>";
		};
		CB3C37651B8DBF5000897344 = {
			isa = PBXGroup;
			children = (
				CB847E811B9EC0CC00D1C230 /* Frameworks */,
				CB3C37701B8DBF5000897344 /* wiserIos */,
				CB3C37851B8DBF5000897344 /* wiserIosTests */,
				CB3C376F1B8DBF5000897344 /* Products */,
				5ED0E8D3A0E854B9C0FB669E /* Pods */,
			);
			sourceTree = "<group>";
		};
		CB3C376F1B8DBF5000897344 /* Products */ = {
			isa = PBXGroup;
			children = (
				CB3C376E1B8DBF5000897344 /* wiserIos.app */,
				CB3C37821B8DBF5000897344 /* wiserIosTests.xctest */,
			);
			name = Products;
			sourceTree = "<group>";
		};
		CB3C37701B8DBF5000897344 /* wiserIos */ = {
			isa = PBXGroup;
			children = (
				CB57059B1B98342700A4E17C /* Cell */,
				CB0218221B947B9E00DFC9DD /* ViewControllers */,
				CB9FF7C81B8F1864003A193B /* Models */,
				CB9FF7C71B8F1859003A193B /* Helpers */,
				CB3C37711B8DBF5000897344 /* AppDelegate.swift */,
				CB3C37751B8DBF5000897344 /* Main.storyboard */,
				CB3C37781B8DBF5000897344 /* Assets.xcassets */,
				CB3C377A1B8DBF5000897344 /* LaunchScreen.storyboard */,
				CB3C377D1B8DBF5000897344 /* Info.plist */,
				CB84802A1B9EDB5400D1C230 /* CurrentUser.swift */,
				CBB4D7DC1BA1A887001C531D /* Paged.swift */,
				CBC15B3C1BAAD9BA00293A3E /* wiserIos-Bridging-Header.h */,
			);
			path = wiserIos;
			sourceTree = "<group>";
		};
		CB3C37851B8DBF5000897344 /* wiserIosTests */ = {
			isa = PBXGroup;
			children = (
				CB3C37861B8DBF5000897344 /* wiserIosTests.swift */,
				CB3C37881B8DBF5000897344 /* Info.plist */,
				CB2FC2DD1B8F93BC00CD8B28 /* JSONSerializerTests.swift */,
			);
			path = wiserIosTests;
			sourceTree = "<group>";
		};
		CB57059B1B98342700A4E17C /* Cell */ = {
			isa = PBXGroup;
			children = (
				CB50FD8D1B9708E40003C078 /* TextInputCell.swift */,
				CBB60B301B97253A0007A47B /* SegmentedInputCell.swift */,
				CB1FB9FF1B983C3A00B1FCF8 /* BooleanInputCell.swift */,
			);
			name = Cell;
			sourceTree = "<group>";
		};
		CB847E811B9EC0CC00D1C230 /* Frameworks */ = {
			isa = PBXGroup;
			children = (
				CB97B03A1BAAEE1B00AB77EE /* MapKit.framework */,
				CBA4372B1B8DEA8E00EF3E01 /* CoreLocation.framework */,
				D3A4BD83DDD950677E106A8A /* Pods_wiserIos.framework */,
			);
			name = Frameworks;
			sourceTree = "<group>";
		};
		CB9FF7C71B8F1859003A193B /* Helpers */ = {
			isa = PBXGroup;
			children = (
				CB9FF7C51B8F1401003A193B /* HTTPHandler.swift */,
				CB9FF80E1B8F4408003A193B /* JSONSerializer.swift */,
				CB39A97A1B986B7F0014F818 /* StringExtractor.swift */,
				CB84802C1B9EE0DC00D1C230 /* FacebookHelper.swift */,
				CB0D53C51BA85996007E4CD2 /* DateTimeHelper.swift */,
			);
			name = Helpers;
			sourceTree = "<group>";
		};
		CB9FF7C81B8F1864003A193B /* Models */ = {
			isa = PBXGroup;
			children = (
				CB2EF9C21B8DE7260098871B /* Room.swift */,
				CB9FF7C91B8F27EC003A193B /* Coordinate.swift */,
				CB9FF7CB1B8F28B4003A193B /* Answer.swift */,
				CB9FF7CD1B8F2916003A193B /* Question.swift */,
				CB9FF7CF1B8F2A78003A193B /* ResponseOption.swift */,
				CB9FF7D11B8F2B70003A193B /* User.swift */,
				CB02181F1B9462C400DFC9DD /* ChatMessage.swift */,
			);
			name = Models;
			sourceTree = "<group>";
		};
/* End PBXGroup section */

/* Begin PBXNativeTarget section */
		CB3C376D1B8DBF5000897344 /* wiserIos */ = {
			isa = PBXNativeTarget;
			buildConfigurationList = CB3C378B1B8DBF5000897344 /* Build configuration list for PBXNativeTarget "wiserIos" */;
			buildPhases = (
				AD15F7425E1D07D4A8706474 /* Check Pods Manifest.lock */,
				CB3C376A1B8DBF5000897344 /* Sources */,
				CB3C376B1B8DBF5000897344 /* Frameworks */,
				CB3C376C1B8DBF5000897344 /* Resources */,
				E11CC85047EFD910B4EF80FC /* Copy Pods Resources */,
				4CF07531A7FC9CF0224789A6 /* Embed Pods Frameworks */,
			);
			buildRules = (
			);
			dependencies = (
			);
			name = wiserIos;
			productName = wiserIos;
			productReference = CB3C376E1B8DBF5000897344 /* wiserIos.app */;
			productType = "com.apple.product-type.application";
		};
		CB3C37811B8DBF5000897344 /* wiserIosTests */ = {
			isa = PBXNativeTarget;
			buildConfigurationList = CB3C378E1B8DBF5000897344 /* Build configuration list for PBXNativeTarget "wiserIosTests" */;
			buildPhases = (
				CB3C377E1B8DBF5000897344 /* Sources */,
				CB3C377F1B8DBF5000897344 /* Frameworks */,
				CB3C37801B8DBF5000897344 /* Resources */,
			);
			buildRules = (
			);
			dependencies = (
				CB3C37841B8DBF5000897344 /* PBXTargetDependency */,
			);
			name = wiserIosTests;
			productName = wiserIosTests;
			productReference = CB3C37821B8DBF5000897344 /* wiserIosTests.xctest */;
			productType = "com.apple.product-type.bundle.unit-test";
		};
/* End PBXNativeTarget section */

/* Begin PBXProject section */
		CB3C37661B8DBF5000897344 /* Project object */ = {
			isa = PBXProject;
			attributes = {
				LastSwiftUpdateCheck = 0700;
				LastUpgradeCheck = 0700;
				ORGANIZATIONNAME = "Peter Helstrup Jensen";
				TargetAttributes = {
					CB3C376D1B8DBF5000897344 = {
						CreatedOnToolsVersion = 7.0;
						DevelopmentTeam = 8AEF7L787E;
						SystemCapabilities = {
							com.apple.Maps.iOS = {
								enabled = 1;
							};
						};
					};
					CB3C37811B8DBF5000897344 = {
						CreatedOnToolsVersion = 7.0;
						DevelopmentTeam = 8AEF7L787E;
						TestTargetID = CB3C376D1B8DBF5000897344;
					};
				};
			};
			buildConfigurationList = CB3C37691B8DBF5000897344 /* Build configuration list for PBXProject "wiserIos" */;
			compatibilityVersion = "Xcode 3.2";
			developmentRegion = English;
			hasScannedForEncodings = 0;
			knownRegions = (
				en,
				Base,
			);
			mainGroup = CB3C37651B8DBF5000897344;
			productRefGroup = CB3C376F1B8DBF5000897344 /* Products */;
			projectDirPath = "";
			projectRoot = "";
			targets = (
				CB3C376D1B8DBF5000897344 /* wiserIos */,
				CB3C37811B8DBF5000897344 /* wiserIosTests */,
			);
		};
/* End PBXProject section */

/* Begin PBXResourcesBuildPhase section */
		CB3C376C1B8DBF5000897344 /* Resources */ = {
			isa = PBXResourcesBuildPhase;
			buildActionMask = 2147483647;
			files = (
				CB6BC6241BA1AE92001C303B /* Main.storyboard in Resources */,
				CB3C377C1B8DBF5000897344 /* LaunchScreen.storyboard in Resources */,
				CB3C37791B8DBF5000897344 /* Assets.xcassets in Resources */,
			);
			runOnlyForDeploymentPostprocessing = 0;
		};
		CB3C37801B8DBF5000897344 /* Resources */ = {
			isa = PBXResourcesBuildPhase;
			buildActionMask = 2147483647;
			files = (
			);
			runOnlyForDeploymentPostprocessing = 0;
		};
/* End PBXResourcesBuildPhase section */

/* Begin PBXShellScriptBuildPhase section */
		4CF07531A7FC9CF0224789A6 /* Embed Pods Frameworks */ = {
			isa = PBXShellScriptBuildPhase;
			buildActionMask = 2147483647;
			files = (
			);
			inputPaths = (
			);
			name = "Embed Pods Frameworks";
			outputPaths = (
			);
			runOnlyForDeploymentPostprocessing = 0;
			shellPath = /bin/sh;
			shellScript = "\"${SRCROOT}/Pods/Target Support Files/Pods-wiserIos/Pods-wiserIos-frameworks.sh\"\n";
			showEnvVarsInLog = 0;
		};
		AD15F7425E1D07D4A8706474 /* Check Pods Manifest.lock */ = {
			isa = PBXShellScriptBuildPhase;
			buildActionMask = 2147483647;
			files = (
			);
			inputPaths = (
			);
			name = "Check Pods Manifest.lock";
			outputPaths = (
			);
			runOnlyForDeploymentPostprocessing = 0;
			shellPath = /bin/sh;
			shellScript = "diff \"${PODS_ROOT}/../Podfile.lock\" \"${PODS_ROOT}/Manifest.lock\" > /dev/null\nif [[ $? != 0 ]] ; then\n    cat << EOM\nerror: The sandbox is not in sync with the Podfile.lock. Run 'pod install' or update your CocoaPods installation.\nEOM\n    exit 1\nfi\n";
			showEnvVarsInLog = 0;
		};
		E11CC85047EFD910B4EF80FC /* Copy Pods Resources */ = {
			isa = PBXShellScriptBuildPhase;
			buildActionMask = 2147483647;
			files = (
			);
			inputPaths = (
			);
			name = "Copy Pods Resources";
			outputPaths = (
			);
			runOnlyForDeploymentPostprocessing = 0;
			shellPath = /bin/sh;
			shellScript = "\"${SRCROOT}/Pods/Target Support Files/Pods-wiserIos/Pods-wiserIos-resources.sh\"\n";
			showEnvVarsInLog = 0;
		};
/* End PBXShellScriptBuildPhase section */

/* Begin PBXSourcesBuildPhase section */
		CB3C376A1B8DBF5000897344 /* Sources */ = {
			isa = PBXSourcesBuildPhase;
			buildActionMask = 2147483647;
			files = (
				CBB4D7D71BA189EC001C531D /* LogonViewController.swift in Sources */,
				CB9FF7CA1B8F27EC003A193B /* Coordinate.swift in Sources */,
				CBB4D7D91BA1A567001C531D /* RoomPageViewController.swift in Sources */,
				CB3C37921B8DE1F000897344 /* RoomTableViewController.swift in Sources */,
				CB0D53C61BA85996007E4CD2 /* DateTimeHelper.swift in Sources */,
				CB6BC6281BA1C05A001C303B /* QuestionListViewController.swift in Sources */,
				CB0218201B9462C400DFC9DD /* ChatMessage.swift in Sources */,
				CB3C37741B8DBF5000897344 /* ChooseRoleViewController.swift in Sources */,
				CB9FF7D01B8F2A78003A193B /* ResponseOption.swift in Sources */,
				CB9FF7CE1B8F2916003A193B /* Question.swift in Sources */,
				CBB4D7DD1BA1A887001C531D /* Paged.swift in Sources */,
				CB2EF9C31B8DE7260098871B /* Room.swift in Sources */,
				CB6BC6261BA1B2ED001C303B /* ChatViewController.swift in Sources */,
				CB3C37721B8DBF5000897344 /* AppDelegate.swift in Sources */,
				CBB4D7DB1BA1A664001C531D /* QuestionViewController.swift in Sources */,
				CB9FF80F1B8F4408003A193B /* JSONSerializer.swift in Sources */,
				CBB60B2F1B9718EC0007A47B /* CreateRoomViewController.swift in Sources */,
				CB84802B1B9EDB5400D1C230 /* CurrentUser.swift in Sources */,
				CB50FD8E1B9708E40003C078 /* TextInputCell.swift in Sources */,
				CB9FF7C61B8F1401003A193B /* HTTPHandler.swift in Sources */,
				CB9FF7CC1B8F28B4003A193B /* Answer.swift in Sources */,
				CB9FF7D21B8F2B70003A193B /* User.swift in Sources */,
				CBB60B311B97253A0007A47B /* SegmentedInputCell.swift in Sources */,
				CB84802D1B9EE0DC00D1C230 /* FacebookHelper.swift in Sources */,
				CB1FBA001B983C3A00B1FCF8 /* BooleanInputCell.swift in Sources */,
				CB39A97B1B986B7F0014F818 /* StringExtractor.swift in Sources */,
			);
			runOnlyForDeploymentPostprocessing = 0;
		};
		CB3C377E1B8DBF5000897344 /* Sources */ = {
			isa = PBXSourcesBuildPhase;
			buildActionMask = 2147483647;
			files = (
				CB3C37871B8DBF5000897344 /* wiserIosTests.swift in Sources */,
				CB2FC2DE1B8F93BC00CD8B28 /* JSONSerializerTests.swift in Sources */,
			);
			runOnlyForDeploymentPostprocessing = 0;
		};
/* End PBXSourcesBuildPhase section */

/* Begin PBXTargetDependency section */
		CB3C37841B8DBF5000897344 /* PBXTargetDependency */ = {
			isa = PBXTargetDependency;
			target = CB3C376D1B8DBF5000897344 /* wiserIos */;
			targetProxy = CB3C37831B8DBF5000897344 /* PBXContainerItemProxy */;
		};
/* End PBXTargetDependency section */

/* Begin PBXVariantGroup section */
		CB3C37751B8DBF5000897344 /* Main.storyboard */ = {
			isa = PBXVariantGroup;
			children = (
				CB3C37761B8DBF5000897344 /* Base */,
			);
			name = Main.storyboard;
			sourceTree = "<group>";
		};
		CB3C377A1B8DBF5000897344 /* LaunchScreen.storyboard */ = {
			isa = PBXVariantGroup;
			children = (
				CB3C377B1B8DBF5000897344 /* Base */,
			);
			name = LaunchScreen.storyboard;
			sourceTree = "<group>";
		};
/* End PBXVariantGroup section */

/* Begin XCBuildConfiguration section */
		CB3C37891B8DBF5000897344 /* Debug */ = {
			isa = XCBuildConfiguration;
			buildSettings = {
				ALWAYS_SEARCH_USER_PATHS = NO;
				CLANG_ALLOW_NON_MODULAR_INCLUDES_IN_FRAMEWORK_MODULES = NO;
				CLANG_CXX_LANGUAGE_STANDARD = "gnu++0x";
				CLANG_CXX_LIBRARY = "libc++";
				CLANG_ENABLE_MODULES = YES;
				CLANG_ENABLE_OBJC_ARC = YES;
				CLANG_WARN_BOOL_CONVERSION = YES;
				CLANG_WARN_CONSTANT_CONVERSION = YES;
				CLANG_WARN_DIRECT_OBJC_ISA_USAGE = YES_ERROR;
				CLANG_WARN_EMPTY_BODY = YES;
				CLANG_WARN_ENUM_CONVERSION = YES;
				CLANG_WARN_INT_CONVERSION = YES;
				CLANG_WARN_OBJC_ROOT_CLASS = YES_ERROR;
				CLANG_WARN_UNREACHABLE_CODE = YES;
				CLANG_WARN__DUPLICATE_METHOD_MATCH = YES;
				"CODE_SIGN_IDENTITY[sdk=iphoneos*]" = "iPhone Developer";
				COPY_PHASE_STRIP = NO;
				DEBUG_INFORMATION_FORMAT = dwarf;
				ENABLE_STRICT_OBJC_MSGSEND = YES;
				ENABLE_TESTABILITY = YES;
				FRAMEWORK_SEARCH_PATHS = "~/Documents/FacebookSDKs-iOS-20150817";
				GCC_C_LANGUAGE_STANDARD = gnu99;
				GCC_DYNAMIC_NO_PIC = NO;
				GCC_NO_COMMON_BLOCKS = YES;
				GCC_OPTIMIZATION_LEVEL = 0;
				GCC_PREPROCESSOR_DEFINITIONS = (
					"DEBUG=1",
					"$(inherited)",
				);
				GCC_WARN_64_TO_32_BIT_CONVERSION = YES;
				GCC_WARN_ABOUT_RETURN_TYPE = YES_ERROR;
				GCC_WARN_UNDECLARED_SELECTOR = YES;
				GCC_WARN_UNINITIALIZED_AUTOS = YES_AGGRESSIVE;
				GCC_WARN_UNUSED_FUNCTION = YES;
				GCC_WARN_UNUSED_VARIABLE = YES;
				HEADER_SEARCH_PATHS = "";
				IPHONEOS_DEPLOYMENT_TARGET = 9.0;
				MTL_ENABLE_DEBUG_INFO = YES;
				ONLY_ACTIVE_ARCH = YES;
				SDKROOT = iphoneos;
				SWIFT_OPTIMIZATION_LEVEL = "-Onone";
				TARGETED_DEVICE_FAMILY = "1,2";
			};
			name = Debug;
		};
		CB3C378A1B8DBF5000897344 /* Release */ = {
			isa = XCBuildConfiguration;
			buildSettings = {
				ALWAYS_SEARCH_USER_PATHS = NO;
				CLANG_ALLOW_NON_MODULAR_INCLUDES_IN_FRAMEWORK_MODULES = NO;
				CLANG_CXX_LANGUAGE_STANDARD = "gnu++0x";
				CLANG_CXX_LIBRARY = "libc++";
				CLANG_ENABLE_MODULES = YES;
				CLANG_ENABLE_OBJC_ARC = YES;
				CLANG_WARN_BOOL_CONVERSION = YES;
				CLANG_WARN_CONSTANT_CONVERSION = YES;
				CLANG_WARN_DIRECT_OBJC_ISA_USAGE = YES_ERROR;
				CLANG_WARN_EMPTY_BODY = YES;
				CLANG_WARN_ENUM_CONVERSION = YES;
				CLANG_WARN_INT_CONVERSION = YES;
				CLANG_WARN_OBJC_ROOT_CLASS = YES_ERROR;
				CLANG_WARN_UNREACHABLE_CODE = YES;
				CLANG_WARN__DUPLICATE_METHOD_MATCH = YES;
				"CODE_SIGN_IDENTITY[sdk=iphoneos*]" = "iPhone Developer";
				COPY_PHASE_STRIP = NO;
				DEBUG_INFORMATION_FORMAT = "dwarf-with-dsym";
				ENABLE_NS_ASSERTIONS = NO;
				ENABLE_STRICT_OBJC_MSGSEND = YES;
				FRAMEWORK_SEARCH_PATHS = "~/Documents/FacebookSDKs-iOS-20150817";
				GCC_C_LANGUAGE_STANDARD = gnu99;
				GCC_NO_COMMON_BLOCKS = YES;
				GCC_WARN_64_TO_32_BIT_CONVERSION = YES;
				GCC_WARN_ABOUT_RETURN_TYPE = YES_ERROR;
				GCC_WARN_UNDECLARED_SELECTOR = YES;
				GCC_WARN_UNINITIALIZED_AUTOS = YES_AGGRESSIVE;
				GCC_WARN_UNUSED_FUNCTION = YES;
				GCC_WARN_UNUSED_VARIABLE = YES;
				HEADER_SEARCH_PATHS = "";
				IPHONEOS_DEPLOYMENT_TARGET = 9.0;
				MTL_ENABLE_DEBUG_INFO = NO;
				SDKROOT = iphoneos;
				TARGETED_DEVICE_FAMILY = "1,2";
				VALIDATE_PRODUCT = YES;
			};
			name = Release;
		};
		CB3C378C1B8DBF5000897344 /* Debug */ = {
			isa = XCBuildConfiguration;
			baseConfigurationReference = F159621980A89FE9BF220862 /* Pods-wiserIos.debug.xcconfig */;
			buildSettings = {
				ASSETCATALOG_COMPILER_APPICON_NAME = AppIcon;
				CLANG_ALLOW_NON_MODULAR_INCLUDES_IN_FRAMEWORK_MODULES = NO;
				CLANG_ENABLE_MODULES = YES;
				CODE_SIGN_IDENTITY = "iPhone Developer";
				HEADER_SEARCH_PATHS = "";
				INFOPLIST_FILE = wiserIos/Info.plist;
				IPHONEOS_DEPLOYMENT_TARGET = 9.0;
				LD_RUNPATH_SEARCH_PATHS = "$(inherited) @executable_path/Frameworks";
				"OTHER_LDFLAGS[arch=*]" = (
					"-ObjC",
					"-l\"JSQMessagesViewController\"",
					"-l\"JSQSystemSoundPlayer\"",
					"-framework",
					"\"AudioToolbox\"",
					"-framework",
					"\"CoreGraphics\"",
					"-framework",
					"\"CoreLocation\"",
					"-framework",
					"\"Foundation\"",
					"-framework",
					"\"MapKit\"",
					"-framework",
					"\"QuartzCore\"",
					"-framework",
					"\"UIKit\"",
					"$(inherited)",
				);
				PRODUCT_BUNDLE_IDENTIFIER = peheje.wiserIos;
				PRODUCT_NAME = "$(TARGET_NAME)";
				SWIFT_INSTALL_OBJC_HEADER = NO;
				SWIFT_OBJC_BRIDGING_HEADER = "wiserIos/wiserIos-Bridging-Header.h";
				SWIFT_OPTIMIZATION_LEVEL = "-Onone";
			};
			name = Debug;
		};
		CB3C378D1B8DBF5000897344 /* Release */ = {
			isa = XCBuildConfiguration;
			baseConfigurationReference = E1D3CFFDDE44FA9686C08AE3 /* Pods-wiserIos.release.xcconfig */;
			buildSettings = {
				ASSETCATALOG_COMPILER_APPICON_NAME = AppIcon;
				CLANG_ALLOW_NON_MODULAR_INCLUDES_IN_FRAMEWORK_MODULES = NO;
				CLANG_ENABLE_MODULES = YES;
				CODE_SIGN_IDENTITY = "iPhone Developer";
				HEADER_SEARCH_PATHS = "";
				INFOPLIST_FILE = wiserIos/Info.plist;
				IPHONEOS_DEPLOYMENT_TARGET = 9.0;
				LD_RUNPATH_SEARCH_PATHS = "$(inherited) @executable_path/Frameworks";
				"OTHER_LDFLAGS[arch=*]" = (
					"-ObjC",
					"-l\"JSQMessagesViewController\"",
					"-l\"JSQSystemSoundPlayer\"",
					"-framework",
					"\"AudioToolbox\"",
					"-framework",
					"\"CoreGraphics\"",
					"-framework",
					"\"CoreLocation\"",
					"-framework",
					"\"Foundation\"",
					"-framework",
					"\"MapKit\"",
					"-framework",
					"\"QuartzCore\"",
					"-framework",
					"\"UIKit\"",
					"$(inherited)",
				);
				PRODUCT_BUNDLE_IDENTIFIER = peheje.wiserIos;
				PRODUCT_NAME = "$(TARGET_NAME)";
				SWIFT_INSTALL_OBJC_HEADER = NO;
				SWIFT_OBJC_BRIDGING_HEADER = "wiserIos/wiserIos-Bridging-Header.h";
			};
			name = Release;
		};
		CB3C378F1B8DBF5000897344 /* Debug */ = {
			isa = XCBuildConfiguration;
			buildSettings = {
				BUNDLE_LOADER = "$(TEST_HOST)";
				INFOPLIST_FILE = wiserIosTests/Info.plist;
				LD_RUNPATH_SEARCH_PATHS = "$(inherited) @executable_path/Frameworks @loader_path/Frameworks";
				PRODUCT_BUNDLE_IDENTIFIER = peheje.wiserIosTests;
				PRODUCT_NAME = "$(TARGET_NAME)";
				TEST_HOST = "$(BUILT_PRODUCTS_DIR)/wiserIos.app/wiserIos";
			};
			name = Debug;
		};
		CB3C37901B8DBF5000897344 /* Release */ = {
			isa = XCBuildConfiguration;
			buildSettings = {
				BUNDLE_LOADER = "$(TEST_HOST)";
				INFOPLIST_FILE = wiserIosTests/Info.plist;
				LD_RUNPATH_SEARCH_PATHS = "$(inherited) @executable_path/Frameworks @loader_path/Frameworks";
				PRODUCT_BUNDLE_IDENTIFIER = peheje.wiserIosTests;
				PRODUCT_NAME = "$(TARGET_NAME)";
				TEST_HOST = "$(BUILT_PRODUCTS_DIR)/wiserIos.app/wiserIos";
			};
			name = Release;
		};
/* End XCBuildConfiguration section */

/* Begin XCConfigurationList section */
		CB3C37691B8DBF5000897344 /* Build configuration list for PBXProject "wiserIos" */ = {
			isa = XCConfigurationList;
			buildConfigurations = (
				CB3C37891B8DBF5000897344 /* Debug */,
				CB3C378A1B8DBF5000897344 /* Release */,
			);
			defaultConfigurationIsVisible = 0;
			defaultConfigurationName = Release;
		};
		CB3C378B1B8DBF5000897344 /* Build configuration list for PBXNativeTarget "wiserIos" */ = {
			isa = XCConfigurationList;
			buildConfigurations = (
				CB3C378C1B8DBF5000897344 /* Debug */,
				CB3C378D1B8DBF5000897344 /* Release */,
			);
			defaultConfigurationIsVisible = 0;
			defaultConfigurationName = Release;
		};
		CB3C378E1B8DBF5000897344 /* Build configuration list for PBXNativeTarget "wiserIosTests" */ = {
			isa = XCConfigurationList;
			buildConfigurations = (
				CB3C378F1B8DBF5000897344 /* Debug */,
				CB3C37901B8DBF5000897344 /* Release */,
			);
			defaultConfigurationIsVisible = 0;
			defaultConfigurationName = Release;
		};
/* End XCConfigurationList section */
	};
	rootObject = CB3C37661B8DBF5000897344 /* Project object */;
}
