
Microsoft Visual Studio Solution File, Format Version 12.00
# Visual Studio 14
VisualStudioVersion = 14.0.23107.0
MinimumVisualStudioVersion = 10.0.40219.1
Project("{FAE04EC0-301F-11D3-BF4B-00C04F79EFBC}") = "WisRRestAPI", "WisRRestAPI\WisRRestAPI.csproj", "{36D4DA78-A99F-4307-A9C4-CF8EACF6F8A9}"
EndProject
Project("{FAE04EC0-301F-11D3-BF4B-00C04F79EFBC}") = "WisRRestAPI.Tests", "WisRRestAPI.Tests\WisRRestAPI.Tests.csproj", "{A922C3C1-552D-48D5-B73A-07FFC16647DC}"
EndProject
Global
	GlobalSection(SolutionConfigurationPlatforms) = preSolution
		Debug|Any CPU = Debug|Any CPU
		Release|Any CPU = Release|Any CPU
	EndGlobalSection
	GlobalSection(ProjectConfigurationPlatforms) = postSolution
		{36D4DA78-A99F-4307-A9C4-CF8EACF6F8A9}.Debug|Any CPU.ActiveCfg = Debug|Any CPU
		{36D4DA78-A99F-4307-A9C4-CF8EACF6F8A9}.Debug|Any CPU.Build.0 = Debug|Any CPU
		{36D4DA78-A99F-4307-A9C4-CF8EACF6F8A9}.Release|Any CPU.ActiveCfg = Release|Any CPU
		{36D4DA78-A99F-4307-A9C4-CF8EACF6F8A9}.Release|Any CPU.Build.0 = Release|Any CPU
		{A922C3C1-552D-48D5-B73A-07FFC16647DC}.Debug|Any CPU.ActiveCfg = Debug|Any CPU
		{A922C3C1-552D-48D5-B73A-07FFC16647DC}.Debug|Any CPU.Build.0 = Debug|Any CPU
		{A922C3C1-552D-48D5-B73A-07FFC16647DC}.Release|Any CPU.ActiveCfg = Release|Any CPU
		{A922C3C1-552D-48D5-B73A-07FFC16647DC}.Release|Any CPU.Build.0 = Release|Any CPU
	EndGlobalSection
	GlobalSection(SolutionProperties) = preSolution
		HideSolutionNode = FALSE
	EndGlobalSection
EndGlobal
